// !$*UTF8*$!
{
	archiveVersion = 1;
	classes = {
	};
	objectVersion = 50;
	objects = {

/* Begin PBXBuildFile section */
		03EC7613225FE55F37440652 /* Pods_TELVerify.framework in Frameworks */ = {isa = PBXBuildFile; fileRef = 43CD6612A69C3A8600FF76DB /* Pods_TELVerify.framework */; };
		782A6195222B1AD400F36672 /* TELVerifyFramework.framework in Frameworks */ = {isa = PBXBuildFile; fileRef = 782A6194222B1AD400F36672 /* TELVerifyFramework.framework */; };
		782A6197222B1C0500F36672 /* TELVerifyFramework.framework in CopyFiles */ = {isa = PBXBuildFile; fileRef = 782A6194222B1AD400F36672 /* TELVerifyFramework.framework */; settings = {ATTRIBUTES = (CodeSignOnCopy, RemoveHeadersOnCopy, ); }; };
		788DCA90222AFCAD0023E4F1 /* TELVerify.framework in Frameworks */ = {isa = PBXBuildFile; fileRef = 788DCA86222AFCAD0023E4F1 /* TELVerify.framework */; };
		788DCA95222AFCAD0023E4F1 /* TELVerifyTests.swift in Sources */ = {isa = PBXBuildFile; fileRef = 788DCA94222AFCAD0023E4F1 /* TELVerifyTests.swift */; };
		788DCA97222AFCAD0023E4F1 /* TELVerify.h in Headers */ = {isa = PBXBuildFile; fileRef = 788DCA89222AFCAD0023E4F1 /* TELVerify.h */; settings = {ATTRIBUTES = (Public, ); }; };
		788DCAC5222AFEAA0023E4F1 /* Home.swift in Sources */ = {isa = PBXBuildFile; fileRef = 788DCAC4222AFEAA0023E4F1 /* Home.swift */; };
		A8E1E6EF6890E7A86AC5753B /* Pods_TELVerifyTests.framework in Frameworks */ = {isa = PBXBuildFile; fileRef = 2A820518A72B348A4EECD5BF /* Pods_TELVerifyTests.framework */; };
/* End PBXBuildFile section */

/* Begin PBXContainerItemProxy section */
		788DCA91222AFCAD0023E4F1 /* PBXContainerItemProxy */ = {
			isa = PBXContainerItemProxy;
			containerPortal = 788DCA7D222AFCAD0023E4F1 /* Project object */;
			proxyType = 1;
			remoteGlobalIDString = 788DCA85222AFCAD0023E4F1;
			remoteInfo = TELVerify;
		};
/* End PBXContainerItemProxy section */

/* Begin PBXCopyFilesBuildPhase section */
		782A6196222B1BFD00F36672 /* CopyFiles */ = {
			isa = PBXCopyFilesBuildPhase;
			buildActionMask = 2147483647;
			dstPath = "";
			dstSubfolderSpec = 10;
			files = (
				782A6197222B1C0500F36672 /* TELVerifyFramework.framework in CopyFiles */,
			);
			runOnlyForDeploymentPostprocessing = 0;
		};
/* End PBXCopyFilesBuildPhase section */

/* Begin PBXFileReference section */
		059295CE5DADD31DED7A7C26 /* Pods-TELVerifyTests.debug.xcconfig */ = {isa = PBXFileReference; includeInIndex = 1; lastKnownFileType = text.xcconfig; name = "Pods-TELVerifyTests.debug.xcconfig"; path = "Pods/Target Support Files/Pods-TELVerifyTests/Pods-TELVerifyTests.debug.xcconfig"; sourceTree = "<group>"; };
		2A820518A72B348A4EECD5BF /* Pods_TELVerifyTests.framework */ = {isa = PBXFileReference; explicitFileType = wrapper.framework; includeInIndex = 0; path = Pods_TELVerifyTests.framework; sourceTree = BUILT_PRODUCTS_DIR; };
		43CD6612A69C3A8600FF76DB /* Pods_TELVerify.framework */ = {isa = PBXFileReference; explicitFileType = wrapper.framework; includeInIndex = 0; path = Pods_TELVerify.framework; sourceTree = BUILT_PRODUCTS_DIR; };
		548C88AC06F58B552EDC92DB /* Pods-TELVerifyTests.release.xcconfig */ = {isa = PBXFileReference; includeInIndex = 1; lastKnownFileType = text.xcconfig; name = "Pods-TELVerifyTests.release.xcconfig"; path = "Pods/Target Support Files/Pods-TELVerifyTests/Pods-TELVerifyTests.release.xcconfig"; sourceTree = "<group>"; };
		782A6194222B1AD400F36672 /* TELVerifyFramework.framework */ = {isa = PBXFileReference; lastKnownFileType = wrapper.framework; name = TELVerifyFramework.framework; path = TELVerify/Frameworks/TELVerifyFramework.framework; sourceTree = "<group>"; };
		788DCA86222AFCAD0023E4F1 /* TELVerify.framework */ = {isa = PBXFileReference; explicitFileType = wrapper.framework; includeInIndex = 0; path = TELVerify.framework; sourceTree = BUILT_PRODUCTS_DIR; };
		788DCA89222AFCAD0023E4F1 /* TELVerify.h */ = {isa = PBXFileReference; lastKnownFileType = sourcecode.c.h; path = TELVerify.h; sourceTree = "<group>"; };
		788DCA8A222AFCAD0023E4F1 /* Info.plist */ = {isa = PBXFileReference; lastKnownFileType = text.plist.xml; path = Info.plist; sourceTree = "<group>"; };
		788DCA8F222AFCAD0023E4F1 /* TELVerifyTests.xctest */ = {isa = PBXFileReference; explicitFileType = wrapper.cfbundle; includeInIndex = 0; path = TELVerifyTests.xctest; sourceTree = BUILT_PRODUCTS_DIR; };
		788DCA94222AFCAD0023E4F1 /* TELVerifyTests.swift */ = {isa = PBXFileReference; lastKnownFileType = sourcecode.swift; path = TELVerifyTests.swift; sourceTree = "<group>"; };
		788DCA96222AFCAD0023E4F1 /* Info.plist */ = {isa = PBXFileReference; lastKnownFileType = text.plist.xml; path = Info.plist; sourceTree = "<group>"; };
		788DCAC4222AFEAA0023E4F1 /* Home.swift */ = {isa = PBXFileReference; lastKnownFileType = sourcecode.swift; path = Home.swift; sourceTree = "<group>"; };
		7ADAD60422407506196D1838 /* Pods-TELVerify.release.xcconfig */ = {isa = PBXFileReference; includeInIndex = 1; lastKnownFileType = text.xcconfig; name = "Pods-TELVerify.release.xcconfig"; path = "Pods/Target Support Files/Pods-TELVerify/Pods-TELVerify.release.xcconfig"; sourceTree = "<group>"; };
		8CA8FCC84B7A3E7ADB6B474F /* Pods-TELVerify.debug.xcconfig */ = {isa = PBXFileReference; includeInIndex = 1; lastKnownFileType = text.xcconfig; name = "Pods-TELVerify.debug.xcconfig"; path = "Pods/Target Support Files/Pods-TELVerify/Pods-TELVerify.debug.xcconfig"; sourceTree = "<group>"; };
/* End PBXFileReference section */

/* Begin PBXFrameworksBuildPhase section */
		788DCA83222AFCAD0023E4F1 /* Frameworks */ = {
			isa = PBXFrameworksBuildPhase;
			buildActionMask = 2147483647;
			files = (
				782A6195222B1AD400F36672 /* TELVerifyFramework.framework in Frameworks */,
				03EC7613225FE55F37440652 /* Pods_TELVerify.framework in Frameworks */,
			);
			runOnlyForDeploymentPostprocessing = 0;
		};
		788DCA8C222AFCAD0023E4F1 /* Frameworks */ = {
			isa = PBXFrameworksBuildPhase;
			buildActionMask = 2147483647;
			files = (
				788DCA90222AFCAD0023E4F1 /* TELVerify.framework in Frameworks */,
				A8E1E6EF6890E7A86AC5753B /* Pods_TELVerifyTests.framework in Frameworks */,
			);
			runOnlyForDeploymentPostprocessing = 0;
		};
/* End PBXFrameworksBuildPhase section */

/* Begin PBXGroup section */
		3D61E1237262D12A4999BF33 /* Frameworks */ = {
			isa = PBXGroup;
			children = (
				782A6194222B1AD400F36672 /* TELVerifyFramework.framework */,
				43CD6612A69C3A8600FF76DB /* Pods_TELVerify.framework */,
				2A820518A72B348A4EECD5BF /* Pods_TELVerifyTests.framework */,
			);
			name = Frameworks;
			sourceTree = "<group>";
		};
		7811BB61EDB85D404B8A425D /* Pods */ = {
			isa = PBXGroup;
			children = (
				8CA8FCC84B7A3E7ADB6B474F /* Pods-TELVerify.debug.xcconfig */,
				7ADAD60422407506196D1838 /* Pods-TELVerify.release.xcconfig */,
				059295CE5DADD31DED7A7C26 /* Pods-TELVerifyTests.debug.xcconfig */,
				548C88AC06F58B552EDC92DB /* Pods-TELVerifyTests.release.xcconfig */,
			);
			name = Pods;
			sourceTree = "<group>";
		};
		788DCA7C222AFCAD0023E4F1 = {
			isa = PBXGroup;
			children = (
				788DCA88222AFCAD0023E4F1 /* TELVerify */,
				788DCA93222AFCAD0023E4F1 /* TELVerifyTests */,
				788DCA87222AFCAD0023E4F1 /* Products */,
				7811BB61EDB85D404B8A425D /* Pods */,
				3D61E1237262D12A4999BF33 /* Frameworks */,
			);
			sourceTree = "<group>";
		};
		788DCA87222AFCAD0023E4F1 /* Products */ = {
			isa = PBXGroup;
			children = (
				788DCA86222AFCAD0023E4F1 /* TELVerify.framework */,
				788DCA8F222AFCAD0023E4F1 /* TELVerifyTests.xctest */,
			);
			name = Products;
			sourceTree = "<group>";
		};
		788DCA88222AFCAD0023E4F1 /* TELVerify */ = {
			isa = PBXGroup;
			children = (
				788DCAC4222AFEAA0023E4F1 /* Home.swift */,
				788DCA89222AFCAD0023E4F1 /* TELVerify.h */,
				788DCA8A222AFCAD0023E4F1 /* Info.plist */,
			);
			path = TELVerify;
			sourceTree = "<group>";
		};
		788DCA93222AFCAD0023E4F1 /* TELVerifyTests */ = {
			isa = PBXGroup;
			children = (
				788DCA94222AFCAD0023E4F1 /* TELVerifyTests.swift */,
				788DCA96222AFCAD0023E4F1 /* Info.plist */,
			);
			path = TELVerifyTests;
			sourceTree = "<group>";
		};
/* End PBXGroup section */

/* Begin PBXHeadersBuildPhase section */
		788DCA81222AFCAD0023E4F1 /* Headers */ = {
			isa = PBXHeadersBuildPhase;
			buildActionMask = 2147483647;
			files = (
				788DCA97222AFCAD0023E4F1 /* TELVerify.h in Headers */,
			);
			runOnlyForDeploymentPostprocessing = 0;
		};
/* End PBXHeadersBuildPhase section */

/* Begin PBXNativeTarget section */
		788DCA85222AFCAD0023E4F1 /* TELVerify */ = {
			isa = PBXNativeTarget;
			buildConfigurationList = 788DCA9A222AFCAD0023E4F1 /* Build configuration list for PBXNativeTarget "TELVerify" */;
			buildPhases = (
				D25DF4129F8778B98DD148C4 /* [CP] Check Pods Manifest.lock */,
				788DCA81222AFCAD0023E4F1 /* Headers */,
				788DCA82222AFCAD0023E4F1 /* Sources */,
				788DCA83222AFCAD0023E4F1 /* Frameworks */,
				788DCA84222AFCAD0023E4F1 /* Resources */,
				782A6196222B1BFD00F36672 /* CopyFiles */,
			);
			buildRules = (
			);
			dependencies = (
			);
			name = TELVerify;
			productName = TELVerify;
			productReference = 788DCA86222AFCAD0023E4F1 /* TELVerify.framework */;
			productType = "com.apple.product-type.framework";
		};
		788DCA8E222AFCAD0023E4F1 /* TELVerifyTests */ = {
			isa = PBXNativeTarget;
			buildConfigurationList = 788DCA9D222AFCAD0023E4F1 /* Build configuration list for PBXNativeTarget "TELVerifyTests" */;
			buildPhases = (
				482330583D8F067D1B81D193 /* [CP] Check Pods Manifest.lock */,
				788DCA8B222AFCAD0023E4F1 /* Sources */,
				788DCA8C222AFCAD0023E4F1 /* Frameworks */,
				788DCA8D222AFCAD0023E4F1 /* Resources */,
				D008467505A3934262DEE40D /* [CP] Embed Pods Frameworks */,
			);
			buildRules = (
			);
			dependencies = (
				788DCA92222AFCAD0023E4F1 /* PBXTargetDependency */,
			);
			name = TELVerifyTests;
			productName = TELVerifyTests;
			productReference = 788DCA8F222AFCAD0023E4F1 /* TELVerifyTests.xctest */;
			productType = "com.apple.product-type.bundle.unit-test";
		};
/* End PBXNativeTarget section */

/* Begin PBXProject section */
		788DCA7D222AFCAD0023E4F1 /* Project object */ = {
			isa = PBXProject;
			attributes = {
				LastSwiftUpdateCheck = 1010;
				LastUpgradeCheck = 1010;
				ORGANIZATIONNAME = "True-e-Logistics";
				TargetAttributes = {
					788DCA85222AFCAD0023E4F1 = {
						CreatedOnToolsVersion = 10.1;
						LastSwiftMigration = 1010;
					};
					788DCA8E222AFCAD0023E4F1 = {
						CreatedOnToolsVersion = 10.1;
					};
				};
			};
			buildConfigurationList = 788DCA80222AFCAD0023E4F1 /* Build configuration list for PBXProject "TELVerify" */;
			compatibilityVersion = "Xcode 9.3";
			developmentRegion = en;
			hasScannedForEncodings = 0;
			knownRegions = (
				en,
			);
			mainGroup = 788DCA7C222AFCAD0023E4F1;
			productRefGroup = 788DCA87222AFCAD0023E4F1 /* Products */;
			projectDirPath = "";
			projectRoot = "";
			targets = (
				788DCA85222AFCAD0023E4F1 /* TELVerify */,
				788DCA8E222AFCAD0023E4F1 /* TELVerifyTests */,
			);
		};
/* End PBXProject section */

/* Begin PBXResourcesBuildPhase section */
		788DCA84222AFCAD0023E4F1 /* Resources */ = {
			isa = PBXResourcesBuildPhase;
			buildActionMask = 2147483647;
			files = (
			);
			runOnlyForDeploymentPostprocessing = 0;
		};
		788DCA8D222AFCAD0023E4F1 /* Resources */ = {
			isa = PBXResourcesBuildPhase;
			buildActionMask = 2147483647;
			files = (
			);
			runOnlyForDeploymentPostprocessing = 0;
		};
/* End PBXResourcesBuildPhase section */

/* Begin PBXShellScriptBuildPhase section */
		482330583D8F067D1B81D193 /* [CP] Check Pods Manifest.lock */ = {
			isa = PBXShellScriptBuildPhase;
			buildActionMask = 2147483647;
			files = (
			);
			inputFileListPaths = (
			);
			inputPaths = (
				"${PODS_PODFILE_DIR_PATH}/Podfile.lock",
				"${PODS_ROOT}/Manifest.lock",
			);
			name = "[CP] Check Pods Manifest.lock";
			outputFileListPaths = (
			);
			outputPaths = (
				"$(DERIVED_FILE_DIR)/Pods-TELVerifyTests-checkManifestLockResult.txt",
			);
			runOnlyForDeploymentPostprocessing = 0;
			shellPath = /bin/sh;
			shellScript = "diff \"${PODS_PODFILE_DIR_PATH}/Podfile.lock\" \"${PODS_ROOT}/Manifest.lock\" > /dev/null\nif [ $? != 0 ] ; then\n    # print error to STDERR\n    echo \"error: The sandbox is not in sync with the Podfile.lock. Run 'pod install' or update your CocoaPods installation.\" >&2\n    exit 1\nfi\n# This output is used by Xcode 'outputs' to avoid re-running this script phase.\necho \"SUCCESS\" > \"${SCRIPT_OUTPUT_FILE_0}\"\n";
			showEnvVarsInLog = 0;
		};
		D008467505A3934262DEE40D /* [CP] Embed Pods Frameworks */ = {
			isa = PBXShellScriptBuildPhase;
			buildActionMask = 2147483647;
			files = (
			);
			inputFileListPaths = (
			);
			inputPaths = (
				"${SRCROOT}/Pods/Target Support Files/Pods-TELVerifyTests/Pods-TELVerifyTests-frameworks.sh",
				"${BUILT_PRODUCTS_DIR}/Alamofire/Alamofire.framework",
				"${BUILT_PRODUCTS_DIR}/Moya/Moya.framework",
				"${BUILT_PRODUCTS_DIR}/Result/Result.framework",
			);
			name = "[CP] Embed Pods Frameworks";
			outputFileListPaths = (
			);
			outputPaths = (
				"${TARGET_BUILD_DIR}/${FRAMEWORKS_FOLDER_PATH}/Alamofire.framework",
				"${TARGET_BUILD_DIR}/${FRAMEWORKS_FOLDER_PATH}/Moya.framework",
				"${TARGET_BUILD_DIR}/${FRAMEWORKS_FOLDER_PATH}/Result.framework",
			);
			runOnlyForDeploymentPostprocessing = 0;
			shellPath = /bin/sh;
			shellScript = "\"${SRCROOT}/Pods/Target Support Files/Pods-TELVerifyTests/Pods-TELVerifyTests-frameworks.sh\"\n";
			showEnvVarsInLog = 0;
		};
		D25DF4129F8778B98DD148C4 /* [CP] Check Pods Manifest.lock */ = {
			isa = PBXShellScriptBuildPhase;
			buildActionMask = 2147483647;
			files = (
			);
			inputFileListPaths = (
			);
			inputPaths = (
				"${PODS_PODFILE_DIR_PATH}/Podfile.lock",
				"${PODS_ROOT}/Manifest.lock",
			);
			name = "[CP] Check Pods Manifest.lock";
			outputFileListPaths = (
			);
			outputPaths = (
				"$(DERIVED_FILE_DIR)/Pods-TELVerify-checkManifestLockResult.txt",
			);
			runOnlyForDeploymentPostprocessing = 0;
			shellPath = /bin/sh;
			shellScript = "diff \"${PODS_PODFILE_DIR_PATH}/Podfile.lock\" \"${PODS_ROOT}/Manifest.lock\" > /dev/null\nif [ $? != 0 ] ; then\n    # print error to STDERR\n    echo \"error: The sandbox is not in sync with the Podfile.lock. Run 'pod install' or update your CocoaPods installation.\" >&2\n    exit 1\nfi\n# This output is used by Xcode 'outputs' to avoid re-running this script phase.\necho \"SUCCESS\" > \"${SCRIPT_OUTPUT_FILE_0}\"\n";
			showEnvVarsInLog = 0;
		};
/* End PBXShellScriptBuildPhase section */

/* Begin PBXSourcesBuildPhase section */
		788DCA82222AFCAD0023E4F1 /* Sources */ = {
			isa = PBXSourcesBuildPhase;
			buildActionMask = 2147483647;
			files = (
				788DCAC5222AFEAA0023E4F1 /* Home.swift in Sources */,
			);
			runOnlyForDeploymentPostprocessing = 0;
		};
		788DCA8B222AFCAD0023E4F1 /* Sources */ = {
			isa = PBXSourcesBuildPhase;
			buildActionMask = 2147483647;
			files = (
				788DCA95222AFCAD0023E4F1 /* TELVerifyTests.swift in Sources */,
			);
			runOnlyForDeploymentPostprocessing = 0;
		};
/* End PBXSourcesBuildPhase section */

/* Begin PBXTargetDependency section */
		788DCA92222AFCAD0023E4F1 /* PBXTargetDependency */ = {
			isa = PBXTargetDependency;
			target = 788DCA85222AFCAD0023E4F1 /* TELVerify */;
			targetProxy = 788DCA91222AFCAD0023E4F1 /* PBXContainerItemProxy */;
		};
/* End PBXTargetDependency section */

/* Begin XCBuildConfiguration section */
		788DCA98222AFCAD0023E4F1 /* Debug */ = {
			isa = XCBuildConfiguration;
			buildSettings = {
				ALWAYS_SEARCH_USER_PATHS = NO;
				CLANG_ANALYZER_NONNULL = YES;
				CLANG_ANALYZER_NUMBER_OBJECT_CONVERSION = YES_AGGRESSIVE;
				CLANG_CXX_LANGUAGE_STANDARD = "gnu++14";
				CLANG_CXX_LIBRARY = "libc++";
				CLANG_ENABLE_MODULES = YES;
				CLANG_ENABLE_OBJC_ARC = YES;
				CLANG_ENABLE_OBJC_WEAK = YES;
				CLANG_WARN_BLOCK_CAPTURE_AUTORELEASING = YES;
				CLANG_WARN_BOOL_CONVERSION = YES;
				CLANG_WARN_COMMA = YES;
				CLANG_WARN_CONSTANT_CONVERSION = YES;
				CLANG_WARN_DEPRECATED_OBJC_IMPLEMENTATIONS = YES;
				CLANG_WARN_DIRECT_OBJC_ISA_USAGE = YES_ERROR;
				CLANG_WARN_DOCUMENTATION_COMMENTS = YES;
				CLANG_WARN_EMPTY_BODY = YES;
				CLANG_WARN_ENUM_CONVERSION = YES;
				CLANG_WARN_INFINITE_RECURSION = YES;
				CLANG_WARN_INT_CONVERSION = YES;
				CLANG_WARN_NON_LITERAL_NULL_CONVERSION = YES;
				CLANG_WARN_OBJC_IMPLICIT_RETAIN_SELF = YES;
				CLANG_WARN_OBJC_LITERAL_CONVERSION = YES;
				CLANG_WARN_OBJC_ROOT_CLASS = YES_ERROR;
				CLANG_WARN_RANGE_LOOP_ANALYSIS = YES;
				CLANG_WARN_STRICT_PROTOTYPES = YES;
				CLANG_WARN_SUSPICIOUS_MOVE = YES;
				CLANG_WARN_UNGUARDED_AVAILABILITY = YES_AGGRESSIVE;
				CLANG_WARN_UNREACHABLE_CODE = YES;
				CLANG_WARN__DUPLICATE_METHOD_MATCH = YES;
				CODE_SIGN_IDENTITY = "iPhone Developer";
				COPY_PHASE_STRIP = NO;
				CURRENT_PROJECT_VERSION = 1;
				DEBUG_INFORMATION_FORMAT = dwarf;
				ENABLE_STRICT_OBJC_MSGSEND = YES;
				ENABLE_TESTABILITY = YES;
				GCC_C_LANGUAGE_STANDARD = gnu11;
				GCC_DYNAMIC_NO_PIC = NO;
				GCC_NO_COMMON_BLOCKS = YES;
				GCC_OPTIMIZATION_LEVEL = 0;
				GCC_PREPROCESSOR_DEFINITIONS = (
					"DEBUG=1",
					"$(inherited)",
				);
				GCC_WARN_64_TO_32_BIT_CONVERSION = YES;
				GCC_WARN_ABOUT_RETURN_TYPE = YES_ERROR;
				GCC_WARN_UNDECLARED_SELECTOR = YES;
				GCC_WARN_UNINITIALIZED_AUTOS = YES_AGGRESSIVE;
				GCC_WARN_UNUSED_FUNCTION = YES;
				GCC_WARN_UNUSED_VARIABLE = YES;
				IPHONEOS_DEPLOYMENT_TARGET = 10.0;
				MTL_ENABLE_DEBUG_INFO = INCLUDE_SOURCE;
				MTL_FAST_MATH = YES;
				ONLY_ACTIVE_ARCH = YES;
				SDKROOT = iphoneos;
				SWIFT_ACTIVE_COMPILATION_CONDITIONS = DEBUG;
				SWIFT_OPTIMIZATION_LEVEL = "-Onone";
				VERSIONING_SYSTEM = "apple-generic";
				VERSION_INFO_PREFIX = "";
			};
			name = Debug;
		};
		788DCA99222AFCAD0023E4F1 /* Release */ = {
			isa = XCBuildConfiguration;
			buildSettings = {
				ALWAYS_SEARCH_USER_PATHS = NO;
				CLANG_ANALYZER_NONNULL = YES;
				CLANG_ANALYZER_NUMBER_OBJECT_CONVERSION = YES_AGGRESSIVE;
				CLANG_CXX_LANGUAGE_STANDARD = "gnu++14";
				CLANG_CXX_LIBRARY = "libc++";
				CLANG_ENABLE_MODULES = YES;
				CLANG_ENABLE_OBJC_ARC = YES;
				CLANG_ENABLE_OBJC_WEAK = YES;
				CLANG_WARN_BLOCK_CAPTURE_AUTORELEASING = YES;
				CLANG_WARN_BOOL_CONVERSION = YES;
				CLANG_WARN_COMMA = YES;
				CLANG_WARN_CONSTANT_CONVERSION = YES;
				CLANG_WARN_DEPRECATED_OBJC_IMPLEMENTATIONS = YES;
				CLANG_WARN_DIRECT_OBJC_ISA_USAGE = YES_ERROR;
				CLANG_WARN_DOCUMENTATION_COMMENTS = YES;
				CLANG_WARN_EMPTY_BODY = YES;
				CLANG_WARN_ENUM_CONVERSION = YES;
				CLANG_WARN_INFINITE_RECURSION = YES;
				CLANG_WARN_INT_CONVERSION = YES;
				CLANG_WARN_NON_LITERAL_NULL_CONVERSION = YES;
				CLANG_WARN_OBJC_IMPLICIT_RETAIN_SELF = YES;
				CLANG_WARN_OBJC_LITERAL_CONVERSION = YES;
				CLANG_WARN_OBJC_ROOT_CLASS = YES_ERROR;
				CLANG_WARN_RANGE_LOOP_ANALYSIS = YES;
				CLANG_WARN_STRICT_PROTOTYPES = YES;
				CLANG_WARN_SUSPICIOUS_MOVE = YES;
				CLANG_WARN_UNGUARDED_AVAILABILITY = YES_AGGRESSIVE;
				CLANG_WARN_UNREACHABLE_CODE = YES;
				CLANG_WARN__DUPLICATE_METHOD_MATCH = YES;
				CODE_SIGN_IDENTITY = "iPhone Developer";
				COPY_PHASE_STRIP = NO;
				CURRENT_PROJECT_VERSION = 1;
				DEBUG_INFORMATION_FORMAT = "dwarf-with-dsym";
				ENABLE_NS_ASSERTIONS = NO;
				ENABLE_STRICT_OBJC_MSGSEND = YES;
				GCC_C_LANGUAGE_STANDARD = gnu11;
				GCC_NO_COMMON_BLOCKS = YES;
				GCC_WARN_64_TO_32_BIT_CONVERSION = YES;
				GCC_WARN_ABOUT_RETURN_TYPE = YES_ERROR;
				GCC_WARN_UNDECLARED_SELECTOR = YES;
				GCC_WARN_UNINITIALIZED_AUTOS = YES_AGGRESSIVE;
				GCC_WARN_UNUSED_FUNCTION = YES;
				GCC_WARN_UNUSED_VARIABLE = YES;
				IPHONEOS_DEPLOYMENT_TARGET = 10.0;
				MTL_ENABLE_DEBUG_INFO = NO;
				MTL_FAST_MATH = YES;
				SDKROOT = iphoneos;
				SWIFT_COMPILATION_MODE = wholemodule;
				SWIFT_OPTIMIZATION_LEVEL = "-O";
				VALIDATE_PRODUCT = YES;
				VERSIONING_SYSTEM = "apple-generic";
				VERSION_INFO_PREFIX = "";
			};
			name = Release;
		};
		788DCA9B222AFCAD0023E4F1 /* Debug */ = {
			isa = XCBuildConfiguration;
			baseConfigurationReference = 8CA8FCC84B7A3E7ADB6B474F /* Pods-TELVerify.debug.xcconfig */;
			buildSettings = {
				CLANG_ENABLE_MODULES = YES;
				CODE_SIGN_IDENTITY = "";
				CODE_SIGN_STYLE = Automatic;
				DEFINES_MODULE = YES;
				DEVELOPMENT_TEAM = "";
				DYLIB_COMPATIBILITY_VERSION = 1;
				DYLIB_CURRENT_VERSION = 1;
				DYLIB_INSTALL_NAME_BASE = "@rpath";
				FRAMEWORK_SEARCH_PATHS = (
					"$(inherited)",
					"$(PROJECT_DIR)/TELVerify",
					"$(PROJECT_DIR)/TELVerify/Frameworks",
				);
				INFOPLIST_FILE = TELVerify/Info.plist;
				INSTALL_PATH = "$(LOCAL_LIBRARY_DIR)/Frameworks";
				LD_RUNPATH_SEARCH_PATHS = (
					"$(inherited)",
					"@executable_path/Frameworks",
					"@loader_path/Frameworks",
					"${PROJECT_DIR)/Frameworks",
				);
				PRODUCT_BUNDLE_IDENTIFIER = "True-e-Logistics.TELVerify";
				PRODUCT_NAME = "$(TARGET_NAME:c99extidentifier)";
				SKIP_INSTALL = YES;
				SWIFT_OPTIMIZATION_LEVEL = "-Onone";
				SWIFT_VERSION = 4.2;
				TARGETED_DEVICE_FAMILY = "1,2";
			};
			name = Debug;
		};
		788DCA9C222AFCAD0023E4F1 /* Release */ = {
			isa = XCBuildConfiguration;
			baseConfigurationReference = 7ADAD60422407506196D1838 /* Pods-TELVerify.release.xcconfig */;
			buildSettings = {
				CLANG_ENABLE_MODULES = YES;
				CODE_SIGN_IDENTITY = "";
				CODE_SIGN_STYLE = Automatic;
				DEFINES_MODULE = YES;
				DEVELOPMENT_TEAM = "";
				DYLIB_COMPATIBILITY_VERSION = 1;
				DYLIB_CURRENT_VERSION = 1;
				DYLIB_INSTALL_NAME_BASE = "@rpath";
				FRAMEWORK_SEARCH_PATHS = (
					"$(inherited)",
					"$(PROJECT_DIR)/TELVerify",
					"$(PROJECT_DIR)/TELVerify/Frameworks",
				);
				INFOPLIST_FILE = TELVerify/Info.plist;
				INSTALL_PATH = "$(LOCAL_LIBRARY_DIR)/Frameworks";
				LD_RUNPATH_SEARCH_PATHS = (
					"$(inherited)",
					"@executable_path/Frameworks",
					"@loader_path/Frameworks",
					"${PROJECT_DIR)/Frameworks",
				);
				PRODUCT_BUNDLE_IDENTIFIER = "True-e-Logistics.TELVerify";
				PRODUCT_NAME = "$(TARGET_NAME:c99extidentifier)";
				SKIP_INSTALL = YES;
				SWIFT_VERSION = 4.2;
				TARGETED_DEVICE_FAMILY = "1,2";
			};
			name = Release;
		};
		788DCA9E222AFCAD0023E4F1 /* Debug */ = {
			isa = XCBuildConfiguration;
			baseConfigurationReference = 059295CE5DADD31DED7A7C26 /* Pods-TELVerifyTests.debug.xcconfig */;
			buildSettings = {
				ALWAYS_EMBED_SWIFT_STANDARD_LIBRARIES = YES;
				CODE_SIGN_STYLE = Automatic;
				DEVELOPMENT_TEAM = EQ7YGQ38WY;
				INFOPLIST_FILE = TELVerifyTests/Info.plist;
				LD_RUNPATH_SEARCH_PATHS = (
					"$(inherited)",
					"@executable_path/Frameworks",
					"@loader_path/Frameworks",
				);
				PRODUCT_BUNDLE_IDENTIFIER = "True-e-Logistics.TELVerifyTests";
				PRODUCT_NAME = "$(TARGET_NAME)";
				SWIFT_VERSION = 4.2;
				TARGETED_DEVICE_FAMILY = "1,2";
			};
			name = Debug;
		};
		788DCA9F222AFCAD0023E4F1 /* Release */ = {
			isa = XCBuildConfiguration;
			baseConfigurationReference = 548C88AC06F58B552EDC92DB /* Pods-TELVerifyTests.release.xcconfig */;
			buildSettings = {
				ALWAYS_EMBED_SWIFT_STANDARD_LIBRARIES = YES;
				CODE_SIGN_STYLE = Automatic;
				DEVELOPMENT_TEAM = EQ7YGQ38WY;
				INFOPLIST_FILE = TELVerifyTests/Info.plist;
				LD_RUNPATH_SEARCH_PATHS = (
					"$(inherited)",
					"@executable_path/Frameworks",
					"@loader_path/Frameworks",
				);
				PRODUCT_BUNDLE_IDENTIFIER = "True-e-Logistics.TELVerifyTests";
				PRODUCT_NAME = "$(TARGET_NAME)";
				SWIFT_VERSION = 4.2;
				TARGETED_DEVICE_FAMILY = "1,2";
			};
			name = Release;
		};
/* End XCBuildConfiguration section */

/* Begin XCConfigurationList section */
		788DCA80222AFCAD0023E4F1 /* Build configuration list for PBXProject "TELVerify" */ = {
			isa = XCConfigurationList;
			buildConfigurations = (
				788DCA98222AFCAD0023E4F1 /* Debug */,
				788DCA99222AFCAD0023E4F1 /* Release */,
			);
			defaultConfigurationIsVisible = 0;
			defaultConfigurationName = Release;
		};
		788DCA9A222AFCAD0023E4F1 /* Build configuration list for PBXNativeTarget "TELVerify" */ = {
			isa = XCConfigurationList;
			buildConfigurations = (
				788DCA9B222AFCAD0023E4F1 /* Debug */,
				788DCA9C222AFCAD0023E4F1 /* Release */,
			);
			defaultConfigurationIsVisible = 0;
			defaultConfigurationName = Release;
		};
		788DCA9D222AFCAD0023E4F1 /* Build configuration list for PBXNativeTarget "TELVerifyTests" */ = {
			isa = XCConfigurationList;
			buildConfigurations = (
				788DCA9E222AFCAD0023E4F1 /* Debug */,
				788DCA9F222AFCAD0023E4F1 /* Release */,
			);
			defaultConfigurationIsVisible = 0;
			defaultConfigurationName = Release;
		};
/* End XCConfigurationList section */
	};
	rootObject = 788DCA7D222AFCAD0023E4F1 /* Project object */;
}
